
Microsoft Visual Studio Solution File, Format Version 12.00
# Visual Studio Version 17
VisualStudioVersion = 17.3.32811.315
MinimumVisualStudioVersion = 10.0.40219.1
Project("{8BC9CEB8-8B4A-11D0-8D11-00A0C91BC942}") = "Pole01", "Pole01\Pole01.vcxproj", "{6F1AAC1A-B820-409B-AF34-D1EF9DD9BD07}"
EndProject
Project("{8BC9CEB8-8B4A-11D0-8D11-00A0C91BC942}") = "Pole02", "Pole02\Pole02.vcxproj", "{77902F7D-BD47-4B13-9D47-3E9CAC6F35F8}"
EndProject
Project("{8BC9CEB8-8B4A-11D0-8D11-00A0C91BC942}") = "pole03", "pole03\pole03.vcxproj", "{AD6C13C3-CDCC-460C-A181-B4ABB8D10E81}"
EndProject
Project("{8BC9CEB8-8B4A-11D0-8D11-00A0C91BC942}") = "pole04", "pole04\pole04.vcxproj", "{1FECC097-675D-448D-828C-90F9DA49EC07}"
EndProject
Project("{FAE04EC0-301F-11D3-BF4B-00C04F79EFBC}") = "pole08.1", "pole08.1\pole08.1.csproj", "{86A1BD5E-A6B9-42B4-BF22-DC904B8E0065}"
EndProject
Global
	GlobalSection(SolutionConfigurationPlatforms) = preSolution
		Debug|Any CPU = Debug|Any CPU
		Debug|x64 = Debug|x64
		Debug|x86 = Debug|x86
		Release|Any CPU = Release|Any CPU
		Release|x64 = Release|x64
		Release|x86 = Release|x86
	EndGlobalSection
	GlobalSection(ProjectConfigurationPlatforms) = postSolution
		{6F1AAC1A-B820-409B-AF34-D1EF9DD9BD07}.Debug|Any CPU.ActiveCfg = Debug|x64
		{6F1AAC1A-B820-409B-AF34-D1EF9DD9BD07}.Debug|Any CPU.Build.0 = Debug|x64
		{6F1AAC1A-B820-409B-AF34-D1EF9DD9BD07}.Debug|x64.ActiveCfg = Debug|x64
		{6F1AAC1A-B820-409B-AF34-D1EF9DD9BD07}.Debug|x64.Build.0 = Debug|x64
		{6F1AAC1A-B820-409B-AF34-D1EF9DD9BD07}.Debug|x86.ActiveCfg = Debug|Win32
		{6F1AAC1A-B820-409B-AF34-D1EF9DD9BD07}.Debug|x86.Build.0 = Debug|Win32
		{6F1AAC1A-B820-409B-AF34-D1EF9DD9BD07}.Release|Any CPU.ActiveCfg = Release|x64
		{6F1AAC1A-B820-409B-AF34-D1EF9DD9BD07}.Release|Any CPU.Build.0 = Release|x64
		{6F1AAC1A-B820-409B-AF34-D1EF9DD9BD07}.Release|x64.ActiveCfg = Release|x64
		{6F1AAC1A-B820-409B-AF34-D1EF9DD9BD07}.Release|x64.Build.0 = Release|x64
		{6F1AAC1A-B820-409B-AF34-D1EF9DD9BD07}.Release|x86.ActiveCfg = Release|Win32
		{6F1AAC1A-B820-409B-AF34-D1EF9DD9BD07}.Release|x86.Build.0 = Release|Win32
		{77902F7D-BD47-4B13-9D47-3E9CAC6F35F8}.Debug|Any CPU.ActiveCfg = Debug|x64
		{77902F7D-BD47-4B13-9D47-3E9CAC6F35F8}.Debug|Any CPU.Build.0 = Debug|x64
		{77902F7D-BD47-4B13-9D47-3E9CAC6F35F8}.Debug|x64.ActiveCfg = Debug|x64
		{77902F7D-BD47-4B13-9D47-3E9CAC6F35F8}.Debug|x64.Build.0 = Debug|x64
		{77902F7D-BD47-4B13-9D47-3E9CAC6F35F8}.Debug|x86.ActiveCfg = Debug|Win32
		{77902F7D-BD47-4B13-9D47-3E9CAC6F35F8}.Debug|x86.Build.0 = Debug|Win32
		{77902F7D-BD47-4B13-9D47-3E9CAC6F35F8}.Release|Any CPU.ActiveCfg = Release|x64
		{77902F7D-BD47-4B13-9D47-3E9CAC6F35F8}.Release|Any CPU.Build.0 = Release|x64
		{77902F7D-BD47-4B13-9D47-3E9CAC6F35F8}.Release|x64.ActiveCfg = Release|x64
		{77902F7D-BD47-4B13-9D47-3E9CAC6F35F8}.Release|x64.Build.0 = Release|x64
		{77902F7D-BD47-4B13-9D47-3E9CAC6F35F8}.Release|x86.ActiveCfg = Release|Win32
		{77902F7D-BD47-4B13-9D47-3E9CAC6F35F8}.Release|x86.Build.0 = Release|Win32
		{AD6C13C3-CDCC-460C-A181-B4ABB8D10E81}.Debug|Any CPU.ActiveCfg = Debug|x64
		{AD6C13C3-CDCC-460C-A181-B4ABB8D10E81}.Debug|Any CPU.Build.0 = Debug|x64
		{AD6C13C3-CDCC-460C-A181-B4ABB8D10E81}.Debug|x64.ActiveCfg = Debug|x64
		{AD6C13C3-CDCC-460C-A181-B4ABB8D10E81}.Debug|x64.Build.0 = Debug|x64
		{AD6C13C3-CDCC-460C-A181-B4ABB8D10E81}.Debug|x86.ActiveCfg = Debug|Win32
		{AD6C13C3-CDCC-460C-A181-B4ABB8D10E81}.Debug|x86.Build.0 = Debug|Win32
		{AD6C13C3-CDCC-460C-A181-B4ABB8D10E81}.Release|Any CPU.ActiveCfg = Release|x64
		{AD6C13C3-CDCC-460C-A181-B4ABB8D10E81}.Release|Any CPU.Build.0 = Release|x64
		{AD6C13C3-CDCC-460C-A181-B4ABB8D10E81}.Release|x64.ActiveCfg = Release|x64
		{AD6C13C3-CDCC-460C-A181-B4ABB8D10E81}.Release|x64.Build.0 = Release|x64
		{AD6C13C3-CDCC-460C-A181-B4ABB8D10E81}.Release|x86.ActiveCfg = Release|Win32
		{AD6C13C3-CDCC-460C-A181-B4ABB8D10E81}.Release|x86.Build.0 = Release|Win32
		{1FECC097-675D-448D-828C-90F9DA49EC07}.Debug|Any CPU.ActiveCfg = Debug|x64
		{1FECC097-675D-448D-828C-90F9DA49EC07}.Debug|Any CPU.Build.0 = Debug|x64
		{1FECC097-675D-448D-828C-90F9DA49EC07}.Debug|x64.ActiveCfg = Debug|x64
		{1FECC097-675D-448D-828C-90F9DA49EC07}.Debug|x64.Build.0 = Debug|x64
		{1FECC097-675D-448D-828C-90F9DA49EC07}.Debug|x86.ActiveCfg = Debug|Win32
		{1FECC097-675D-448D-828C-90F9DA49EC07}.Debug|x86.Build.0 = Debug|Win32
		{1FECC097-675D-448D-828C-90F9DA49EC07}.Release|Any CPU.ActiveCfg = Release|x64
		{1FECC097-675D-448D-828C-90F9DA49EC07}.Release|Any CPU.Build.0 = Release|x64
		{1FECC097-675D-448D-828C-90F9DA49EC07}.Release|x64.ActiveCfg = Release|x64
		{1FECC097-675D-448D-828C-90F9DA49EC07}.Release|x64.Build.0 = Release|x64
		{1FECC097-675D-448D-828C-90F9DA49EC07}.Release|x86.ActiveCfg = Release|Win32
		{1FECC097-675D-448D-828C-90F9DA49EC07}.Release|x86.Build.0 = Release|Win32
		{86A1BD5E-A6B9-42B4-BF22-DC904B8E0065}.Debug|Any CPU.ActiveCfg = Debug|Any CPU
		{86A1BD5E-A6B9-42B4-BF22-DC904B8E0065}.Debug|Any CPU.Build.0 = Debug|Any CPU
		{86A1BD5E-A6B9-42B4-BF22-DC904B8E0065}.Debug|x64.ActiveCfg = Debug|Any CPU
		{86A1BD5E-A6B9-42B4-BF22-DC904B8E0065}.Debug|x64.Build.0 = Debug|Any CPU
		{86A1BD5E-A6B9-42B4-BF22-DC904B8E0065}.Debug|x86.ActiveCfg = Debug|Any CPU
		{86A1BD5E-A6B9-42B4-BF22-DC904B8E0065}.Debug|x86.Build.0 = Debug|Any CPU
		{86A1BD5E-A6B9-42B4-BF22-DC904B8E0065}.Release|Any CPU.ActiveCfg = Release|Any CPU
		{86A1BD5E-A6B9-42B4-BF22-DC904B8E0065}.Release|Any CPU.Build.0 = Release|Any CPU
		{86A1BD5E-A6B9-42B4-BF22-DC904B8E0065}.Release|x64.ActiveCfg = Release|Any CPU
		{86A1BD5E-A6B9-42B4-BF22-DC904B8E0065}.Release|x64.Build.0 = Release|Any CPU
		{86A1BD5E-A6B9-42B4-BF22-DC904B8E0065}.Release|x86.ActiveCfg = Release|Any CPU
		{86A1BD5E-A6B9-42B4-BF22-DC904B8E0065}.Release|x86.Build.0 = Release|Any CPU
	EndGlobalSection
	GlobalSection(SolutionProperties) = preSolution
		HideSolutionNode = FALSE
	EndGlobalSection
	GlobalSection(ExtensibilityGlobals) = postSolution
		SolutionGuid = {EDD75B08-81DB-449E-BD5C-09C832BD4AE3}
	EndGlobalSection
EndGlobal
